
Microsoft Visual Studio Solution File, Format Version 12.00
# Visual Studio Version 17
VisualStudioVersion = 17.8.34408.163
MinimumVisualStudioVersion = 10.0.40219.1
Project("{FAE04EC0-301F-11D3-BF4B-00C04F79EFBC}") = "Entities", "Entities\Entities.csproj", "{87220CAC-1CBF-4EBC-BBD5-1B4228B36243}"
EndProject
Project("{FAE04EC0-301F-11D3-BF4B-00C04F79EFBC}") = "ConsoleApp", "ConsoleApp\ConsoleApp.csproj", "{E28B449B-0264-4E64-A1AA-9627D3F8931A}"
EndProject
Global
	GlobalSection(SolutionConfigurationPlatforms) = preSolution
		Debug|Any CPU = Debug|Any CPU
		Release|Any CPU = Release|Any CPU
	EndGlobalSection
	GlobalSection(ProjectConfigurationPlatforms) = postSolution
		{87220CAC-1CBF-4EBC-BBD5-1B4228B36243}.Debug|Any CPU.ActiveCfg = Debug|Any CPU
		{87220CAC-1CBF-4EBC-BBD5-1B4228B36243}.Debug|Any CPU.Build.0 = Debug|Any CPU
		{87220CAC-1CBF-4EBC-BBD5-1B4228B36243}.Release|Any CPU.ActiveCfg = Release|Any CPU
		{87220CAC-1CBF-4EBC-BBD5-1B4228B36243}.Release|Any CPU.Build.0 = Release|Any CPU
		{E28B449B-0264-4E64-A1AA-9627D3F8931A}.Debug|Any CPU.ActiveCfg = Debug|Any CPU
		{E28B449B-0264-4E64-A1AA-9627D3F8931A}.Debug|Any CPU.Build.0 = Debug|Any CPU
		{E28B449B-0264-4E64-A1AA-9627D3F8931A}.Release|Any CPU.ActiveCfg = Release|Any CPU
		{E28B449B-0264-4E64-A1AA-9627D3F8931A}.Release|Any CPU.Build.0 = Release|Any CPU
	EndGlobalSection
	GlobalSection(SolutionProperties) = preSolution
		HideSolutionNode = FALSE
	EndGlobalSection
	GlobalSection(ExtensibilityGlobals) = postSolution
		SolutionGuid = {9B023CD8-FF86-4A36-9124-74F3D5E85D68}
	EndGlobalSection
EndGlobal
